{
    "_readme": [
        "This file locks the dependencies of your project to a known state",
        "Read more about it at https://getcomposer.org/doc/01-basic-usage.md#composer-lock-the-lock-file",
        "This file is @generated automatically"
    ],
    "hash": "5b80f3741d0acf2e7da7d829707428e1",
    "packages": [],
    "packages-dev": [
        {
            "name": "fastd/console",
            "version": "dev-dev",
            "source": {
                "type": "git",
                "url": "https://github.com/JanHuang/console.git",
                "reference": "3159a8508e070440660040c250e7bba847f5cc30"
            },
            "dist": {
                "type": "zip",
                "url": "https://api.github.com/repos/JanHuang/console/zipball/3159a8508e070440660040c250e7bba847f5cc30",
                "reference": "3159a8508e070440660040c250e7bba847f5cc30",
                "shasum": ""
            },
            "require": {
                "php": ">=5.4"
            },
            "bin": [
                "bin/console"
            ],
            "type": "library",
            "autoload": {
                "psr-4": {
                    "FastD\\": "src/FastD"
                }
            },
            "notification-url": "https://packagist.org/downloads/",
            "license": [
                "MIT"
            ],
            "authors": [
                {
                    "name": "janhuang",
                    "email": "bboyjanhuang@gmail.com"
                }
            ],
            "description": "FastD console component",
            "keywords": [
                "FastD",
                "console"
            ],
            "time": "2015-06-30 09:25:26"
        }
    ],
    "aliases": [],
    "minimum-stability": "dev",
    "stability-flags": {
        "fastd/console": 20
    },
    "prefer-stable": false,
    "prefer-lowest": false,
    "platform": {
        "php": ">=5.5"
    },
    "platform-dev": []
}
